
Microsoft Visual Studio Solution File, Format Version 12.00
# Visual Studio Version 17
VisualStudioVersion = 17.3.32811.315
MinimumVisualStudioVersion = 10.0.40219.1
Project("{FAE04EC0-301F-11D3-BF4B-00C04F79EFBC}") = "Exercicio2", "Exercicio2\Exercicio2.csproj", "{CC75BC18-CD03-4A7D-884D-CAE6F1457BE6}"
EndProject
Global
	GlobalSection(SolutionConfigurationPlatforms) = preSolution
		Debug|Any CPU = Debug|Any CPU
		Release|Any CPU = Release|Any CPU
	EndGlobalSection
	GlobalSection(ProjectConfigurationPlatforms) = postSolution
		{CC75BC18-CD03-4A7D-884D-CAE6F1457BE6}.Debug|Any CPU.ActiveCfg = Debug|Any CPU
		{CC75BC18-CD03-4A7D-884D-CAE6F1457BE6}.Debug|Any CPU.Build.0 = Debug|Any CPU
		{CC75BC18-CD03-4A7D-884D-CAE6F1457BE6}.Release|Any CPU.ActiveCfg = Release|Any CPU
		{CC75BC18-CD03-4A7D-884D-CAE6F1457BE6}.Release|Any CPU.Build.0 = Release|Any CPU
	EndGlobalSection
	GlobalSection(SolutionProperties) = preSolution
		HideSolutionNode = FALSE
	EndGlobalSection
	GlobalSection(ExtensibilityGlobals) = postSolution
		SolutionGuid = {E5DBE7EF-54CE-473F-BD1C-F03127CADE28}
	EndGlobalSection
EndGlobal
